// !$*UTF8*$!
{
	archiveVersion = 1;
	classes = {
	};
	objectVersion = 77;
	objects = {

/* Begin PBXBuildFile section */
		47A218EB2E7CA5DB00E52EB5 /* test Extension.appex in Embed Foundation Extensions */ = {isa = PBXBuildFile; fileRef = 47A218EA2E7CA5DB00E52EB5 /* test Extension.appex */; settings = {ATTRIBUTES = (RemoveHeadersOnCopy, ); }; };
		47A218F52E7CA5DB00E52EB5 /* test Extension.appex in Embed Foundation Extensions */ = {isa = PBXBuildFile; fileRef = 47A218F42E7CA5DB00E52EB5 /* test Extension.appex */; settings = {ATTRIBUTES = (RemoveHeadersOnCopy, ); }; };
/* End PBXBuildFile section */

/* Begin PBXContainerItemProxy section */
		47A218EC2E7CA5DB00E52EB5 /* PBXContainerItemProxy */ = {
			isa = PBXContainerItemProxy;
			containerPortal = 47A218B12E7CA5D700E52EB5 /* Project object */;
			proxyType = 1;
			remoteGlobalIDString = 47A218E92E7CA5DB00E52EB5;
			remoteInfo = "test Extension (iOS)";
		};
		47A218F62E7CA5DB00E52EB5 /* PBXContainerItemProxy */ = {
			isa = PBXContainerItemProxy;
			containerPortal = 47A218B12E7CA5D700E52EB5 /* Project object */;
			proxyType = 1;
			remoteGlobalIDString = 47A218F32E7CA5DB00E52EB5;
			remoteInfo = "test Extension (macOS)";
		};
/* End PBXContainerItemProxy section */

/* Begin PBXCopyFilesBuildPhase section */
		47A2191D2E7CA5DB00E52EB5 /* Embed Foundation Extensions */ = {
			isa = PBXCopyFilesBuildPhase;
			buildActionMask = 2147483647;
			dstPath = "";
			dstSubfolderSpec = 13;
			files = (
				47A218EB2E7CA5DB00E52EB5 /* test Extension.appex in Embed Foundation Extensions */,
			);
			name = "Embed Foundation Extensions";
			runOnlyForDeploymentPostprocessing = 0;
		};
		47A219272E7CA5DB00E52EB5 /* Embed Foundation Extensions */ = {
			isa = PBXCopyFilesBuildPhase;
			buildActionMask = 2147483647;
			dstPath = "";
			dstSubfolderSpec = 13;
			files = (
				47A218F52E7CA5DB00E52EB5 /* test Extension.appex in Embed Foundation Extensions */,
			);
			name = "Embed Foundation Extensions";
			runOnlyForDeploymentPostprocessing = 0;
		};
/* End PBXCopyFilesBuildPhase section */

/* Begin PBXFileReference section */
		47A218CD2E7CA5DB00E52EB5 /* test.app */ = {isa = PBXFileReference; explicitFileType = wrapper.application; includeInIndex = 0; path = test.app; sourceTree = BUILT_PRODUCTS_DIR; };
		47A218DF2E7CA5DB00E52EB5 /* test.app */ = {isa = PBXFileReference; explicitFileType = wrapper.application; includeInIndex = 0; path = test.app; sourceTree = BUILT_PRODUCTS_DIR; };
		47A218EA2E7CA5DB00E52EB5 /* test Extension.appex */ = {isa = PBXFileReference; explicitFileType = "wrapper.app-extension"; includeInIndex = 0; path = "test Extension.appex"; sourceTree = BUILT_PRODUCTS_DIR; };
		47A218F42E7CA5DB00E52EB5 /* test Extension.appex */ = {isa = PBXFileReference; explicitFileType = "wrapper.app-extension"; includeInIndex = 0; path = "test Extension.appex"; sourceTree = BUILT_PRODUCTS_DIR; };
/* End PBXFileReference section */

/* Begin PBXFileSystemSynchronizedBuildFileExceptionSet section */
		47A219182E7CA5DB00E52EB5 /* Exceptions for "Shared (App)" folder in "test (iOS)" target */ = {
			isa = PBXFileSystemSynchronizedBuildFileExceptionSet;
			membershipExceptions = (
				"/Localized: Resources/Main.html",
				Assets.xcassets,
				Resources/Icon.png,
				Resources/Script.js,
				Resources/Style.css,
				ViewController.swift,
			);
			target = 47A218CC2E7CA5DB00E52EB5 /* test (iOS) */;
		};
		47A2191C2E7CA5DB00E52EB5 /* Exceptions for "iOS (Extension)" folder in "test Extension (iOS)" target */ = {
			isa = PBXFileSystemSynchronizedBuildFileExceptionSet;
			membershipExceptions = (
				Info.plist,
			);
			target = 47A218E92E7CA5DB00E52EB5 /* test Extension (iOS) */;
		};
		47A219212E7CA5DB00E52EB5 /* Exceptions for "iOS (App)" folder in "test (iOS)" target */ = {
			isa = PBXFileSystemSynchronizedBuildFileExceptionSet;
			membershipExceptions = (
				Info.plist,
			);
			target = 47A218CC2E7CA5DB00E52EB5 /* test (iOS) */;
		};
		47A219222E7CA5DB00E52EB5 /* Exceptions for "Shared (App)" folder in "test (macOS)" target */ = {
			isa = PBXFileSystemSynchronizedBuildFileExceptionSet;
			membershipExceptions = (
				"/Localized: Resources/Main.html",
				Assets.xcassets,
				Resources/Icon.png,
				Resources/Script.js,
				Resources/Style.css,
				ViewController.swift,
			);
			target = 47A218DE2E7CA5DB00E52EB5 /* test (macOS) */;
		};
		47A219262E7CA5DB00E52EB5 /* Exceptions for "macOS (Extension)" folder in "test Extension (macOS)" target */ = {
			isa = PBXFileSystemSynchronizedBuildFileExceptionSet;
			membershipExceptions = (
				Info.plist,
			);
			target = 47A218F32E7CA5DB00E52EB5 /* test Extension (macOS) */;
		};
		47A2192B2E7CA5DB00E52EB5 /* Exceptions for "Shared (Extension)" folder in "test Extension (iOS)" target */ = {
			isa = PBXFileSystemSynchronizedBuildFileExceptionSet;
			membershipExceptions = (
				Resources/_locales,
				Resources/background.js,
				Resources/content.js,
				Resources/images,
				Resources/manifest.json,
				Resources/popup.css,
				Resources/popup.html,
				Resources/popup.js,
				SafariWebExtensionHandler.swift,
			);
			target = 47A218E92E7CA5DB00E52EB5 /* test Extension (iOS) */;
		};
		47A2192C2E7CA5DB00E52EB5 /* Exceptions for "Shared (Extension)" folder in "test Extension (macOS)" target */ = {
			isa = PBXFileSystemSynchronizedBuildFileExceptionSet;
			membershipExceptions = (
				Resources/_locales,
				Resources/background.js,
				Resources/content.js,
				Resources/images,
				Resources/manifest.json,
				Resources/popup.css,
				Resources/popup.html,
				Resources/popup.js,
				SafariWebExtensionHandler.swift,
			);
			target = 47A218F32E7CA5DB00E52EB5 /* test Extension (macOS) */;
		};
/* End PBXFileSystemSynchronizedBuildFileExceptionSet section */

/* Begin PBXFileSystemSynchronizedRootGroup section */
		47A218B52E7CA5D800E52EB5 /* Shared (App) */ = {
			isa = PBXFileSystemSynchronizedRootGroup;
			exceptions = (
				47A219182E7CA5DB00E52EB5 /* Exceptions for "Shared (App)" folder in "test (iOS)" target */,
				47A219222E7CA5DB00E52EB5 /* Exceptions for "Shared (App)" folder in "test (macOS)" target */,
			);
			path = "Shared (App)";
			sourceTree = "<group>";
		};
		47A218BE2E7CA5DB00E52EB5 /* Shared (Extension) */ = {
			isa = PBXFileSystemSynchronizedRootGroup;
			exceptions = (
				47A2192B2E7CA5DB00E52EB5 /* Exceptions for "Shared (Extension)" folder in "test Extension (iOS)" target */,
				47A2192C2E7CA5DB00E52EB5 /* Exceptions for "Shared (Extension)" folder in "test Extension (macOS)" target */,
			);
			explicitFolders = (
				Resources/_locales,
				Resources/images,
			);
			path = "Shared (Extension)";
			sourceTree = "<group>";
		};
		47A218CF2E7CA5DB00E52EB5 /* iOS (App) */ = {
			isa = PBXFileSystemSynchronizedRootGroup;
			exceptions = (
				47A219212E7CA5DB00E52EB5 /* Exceptions for "iOS (App)" folder in "test (iOS)" target */,
			);
			path = "iOS (App)";
			sourceTree = "<group>";
		};
		47A218E02E7CA5DB00E52EB5 /* macOS (App) */ = {
			isa = PBXFileSystemSynchronizedRootGroup;
			path = "macOS (App)";
			sourceTree = "<group>";
		};
		47A218EE2E7CA5DB00E52EB5 /* iOS (Extension) */ = {
			isa = PBXFileSystemSynchronizedRootGroup;
			exceptions = (
				47A2191C2E7CA5DB00E52EB5 /* Exceptions for "iOS (Extension)" folder in "test Extension (iOS)" target */,
			);
			path = "iOS (Extension)";
			sourceTree = "<group>";
		};
		47A218F82E7CA5DB00E52EB5 /* macOS (Extension) */ = {
			isa = PBXFileSystemSynchronizedRootGroup;
			exceptions = (
				47A219262E7CA5DB00E52EB5 /* Exceptions for "macOS (Extension)" folder in "test Extension (macOS)" target */,
			);
			path = "macOS (Extension)";
			sourceTree = "<group>";
		};
/* End PBXFileSystemSynchronizedRootGroup section */

/* Begin PBXFrameworksBuildPhase section */
		47A218CA2E7CA5DB00E52EB5 /* Frameworks */ = {
			isa = PBXFrameworksBuildPhase;
			buildActionMask = 2147483647;
			files = (
			);
			runOnlyForDeploymentPostprocessing = 0;
		};
		47A218DC2E7CA5DB00E52EB5 /* Frameworks */ = {
			isa = PBXFrameworksBuildPhase;
			buildActionMask = 2147483647;
			files = (
			);
			runOnlyForDeploymentPostprocessing = 0;
		};
		47A218E72E7CA5DB00E52EB5 /* Frameworks */ = {
			isa = PBXFrameworksBuildPhase;
			buildActionMask = 2147483647;
			files = (
			);
			runOnlyForDeploymentPostprocessing = 0;
		};
		47A218F12E7CA5DB00E52EB5 /* Frameworks */ = {
			isa = PBXFrameworksBuildPhase;
			buildActionMask = 2147483647;
			files = (
			);
			runOnlyForDeploymentPostprocessing = 0;
		};
/* End PBXFrameworksBuildPhase section */

/* Begin PBXGroup section */
		47A218B02E7CA5D700E52EB5 = {
			isa = PBXGroup;
			children = (
				47A218B52E7CA5D800E52EB5 /* Shared (App) */,
				47A218BE2E7CA5DB00E52EB5 /* Shared (Extension) */,
				47A218CF2E7CA5DB00E52EB5 /* iOS (App) */,
				47A218E02E7CA5DB00E52EB5 /* macOS (App) */,
				47A218EE2E7CA5DB00E52EB5 /* iOS (Extension) */,
				47A218F82E7CA5DB00E52EB5 /* macOS (Extension) */,
				47A218CE2E7CA5DB00E52EB5 /* Products */,
			);
			sourceTree = "<group>";
		};
		47A218CE2E7CA5DB00E52EB5 /* Products */ = {
			isa = PBXGroup;
			children = (
				47A218CD2E7CA5DB00E52EB5 /* test.app */,
				47A218DF2E7CA5DB00E52EB5 /* test.app */,
				47A218EA2E7CA5DB00E52EB5 /* test Extension.appex */,
				47A218F42E7CA5DB00E52EB5 /* test Extension.appex */,
			);
			name = Products;
			sourceTree = "<group>";
		};
/* End PBXGroup section */

/* Begin PBXNativeTarget section */
		47A218CC2E7CA5DB00E52EB5 /* test (iOS) */ = {
			isa = PBXNativeTarget;
			buildConfigurationList = 47A2191E2E7CA5DB00E52EB5 /* Build configuration list for PBXNativeTarget "test (iOS)" */;
			buildPhases = (
				47A218C92E7CA5DB00E52EB5 /* Sources */,
				47A218CA2E7CA5DB00E52EB5 /* Frameworks */,
				47A218CB2E7CA5DB00E52EB5 /* Resources */,
				47A2191D2E7CA5DB00E52EB5 /* Embed Foundation Extensions */,
			);
			buildRules = (
			);
			dependencies = (
				47A218ED2E7CA5DB00E52EB5 /* PBXTargetDependency */,
			);
			fileSystemSynchronizedGroups = (
				47A218CF2E7CA5DB00E52EB5 /* iOS (App) */,
			);
			name = "test (iOS)";
			packageProductDependencies = (
			);
			productName = "test (iOS)";
			productReference = 47A218CD2E7CA5DB00E52EB5 /* test.app */;
			productType = "com.apple.product-type.application";
		};
		47A218DE2E7CA5DB00E52EB5 /* test (macOS) */ = {
			isa = PBXNativeTarget;
			buildConfigurationList = 47A219282E7CA5DB00E52EB5 /* Build configuration list for PBXNativeTarget "test (macOS)" */;
			buildPhases = (
				47A218DB2E7CA5DB00E52EB5 /* Sources */,
				47A218DC2E7CA5DB00E52EB5 /* Frameworks */,
				47A218DD2E7CA5DB00E52EB5 /* Resources */,
				47A219272E7CA5DB00E52EB5 /* Embed Foundation Extensions */,
			);
			buildRules = (
			);
			dependencies = (
				47A218F72E7CA5DB00E52EB5 /* PBXTargetDependency */,
			);
			fileSystemSynchronizedGroups = (
				47A218E02E7CA5DB00E52EB5 /* macOS (App) */,
			);
			name = "test (macOS)";
			packageProductDependencies = (
			);
			productName = "test (macOS)";
			productReference = 47A218DF2E7CA5DB00E52EB5 /* test.app */;
			productType = "com.apple.product-type.application";
		};
		47A218E92E7CA5DB00E52EB5 /* test Extension (iOS) */ = {
			isa = PBXNativeTarget;
			buildConfigurationList = 47A219192E7CA5DB00E52EB5 /* Build configuration list for PBXNativeTarget "test Extension (iOS)" */;
			buildPhases = (
				47A218E62E7CA5DB00E52EB5 /* Sources */,
				47A218E72E7CA5DB00E52EB5 /* Frameworks */,
				47A218E82E7CA5DB00E52EB5 /* Resources */,
			);
			buildRules = (
			);
			dependencies = (
			);
			fileSystemSynchronizedGroups = (
				47A218EE2E7CA5DB00E52EB5 /* iOS (Extension) */,
			);
			name = "test Extension (iOS)";
			packageProductDependencies = (
			);
			productName = "test Extension (iOS)";
			productReference = 47A218EA2E7CA5DB00E52EB5 /* test Extension.appex */;
			productType = "com.apple.product-type.app-extension";
		};
		47A218F32E7CA5DB00E52EB5 /* test Extension (macOS) */ = {
			isa = PBXNativeTarget;
			buildConfigurationList = 47A219232E7CA5DB00E52EB5 /* Build configuration list for PBXNativeTarget "test Extension (macOS)" */;
			buildPhases = (
				47A218F02E7CA5DB00E52EB5 /* Sources */,
				47A218F12E7CA5DB00E52EB5 /* Frameworks */,
				47A218F22E7CA5DB00E52EB5 /* Resources */,
			);
			buildRules = (
			);
			dependencies = (
			);
			fileSystemSynchronizedGroups = (
				47A218F82E7CA5DB00E52EB5 /* macOS (Extension) */,
			);
			name = "test Extension (macOS)";
			packageProductDependencies = (
			);
			productName = "test Extension (macOS)";
			productReference = 47A218F42E7CA5DB00E52EB5 /* test Extension.appex */;
			productType = "com.apple.product-type.app-extension";
		};
/* End PBXNativeTarget section */

/* Begin PBXProject section */
		47A218B12E7CA5D700E52EB5 /* Project object */ = {
			isa = PBXProject;
			attributes = {
				BuildIndependentTargetsInParallel = 1;
				LastSwiftUpdateCheck = 2600;
				LastUpgradeCheck = 2600;
				TargetAttributes = {
					47A218CC2E7CA5DB00E52EB5 = {
						CreatedOnToolsVersion = 26.0;
					};
					47A218DE2E7CA5DB00E52EB5 = {
						CreatedOnToolsVersion = 26.0;
					};
					47A218E92E7CA5DB00E52EB5 = {
						CreatedOnToolsVersion = 26.0;
					};
					47A218F32E7CA5DB00E52EB5 = {
						CreatedOnToolsVersion = 26.0;
					};
				};
			};
			buildConfigurationList = 47A218B42E7CA5D700E52EB5 /* Build configuration list for PBXProject "test" */;
			developmentRegion = en;
			hasScannedForEncodings = 0;
			knownRegions = (
				en,
				Base,
			);
			mainGroup = 47A218B02E7CA5D700E52EB5;
			minimizedProjectReferenceProxies = 1;
			preferredProjectObjectVersion = 77;
			productRefGroup = 47A218CE2E7CA5DB00E52EB5 /* Products */;
			projectDirPath = "";
			projectRoot = "";
			targets = (
				47A218CC2E7CA5DB00E52EB5 /* test (iOS) */,
				47A218DE2E7CA5DB00E52EB5 /* test (macOS) */,
				47A218E92E7CA5DB00E52EB5 /* test Extension (iOS) */,
				47A218F32E7CA5DB00E52EB5 /* test Extension (macOS) */,
			);
		};
/* End PBXProject section */

/* Begin PBXResourcesBuildPhase section */
		47A218CB2E7CA5DB00E52EB5 /* Resources */ = {
			isa = PBXResourcesBuildPhase;
			buildActionMask = 2147483647;
			files = (
			);
			runOnlyForDeploymentPostprocessing = 0;
		};
		47A218DD2E7CA5DB00E52EB5 /* Resources */ = {
			isa = PBXResourcesBuildPhase;
			buildActionMask = 2147483647;
			files = (
			);
			runOnlyForDeploymentPostprocessing = 0;
		};
		47A218E82E7CA5DB00E52EB5 /* Resources */ = {
			isa = PBXResourcesBuildPhase;
			buildActionMask = 2147483647;
			files = (
			);
			runOnlyForDeploymentPostprocessing = 0;
		};
		47A218F22E7CA5DB00E52EB5 /* Resources */ = {
			isa = PBXResourcesBuildPhase;
			buildActionMask = 2147483647;
			files = (
			);
			runOnlyForDeploymentPostprocessing = 0;
		};
/* End PBXResourcesBuildPhase section */

/* Begin PBXSourcesBuildPhase section */
		47A218C92E7CA5DB00E52EB5 /* Sources */ = {
			isa = PBXSourcesBuildPhase;
			buildActionMask = 2147483647;
			files = (
			);
			runOnlyForDeploymentPostprocessing = 0;
		};
		47A218DB2E7CA5DB00E52EB5 /* Sources */ = {
			isa = PBXSourcesBuildPhase;
			buildActionMask = 2147483647;
			files = (
			);
			runOnlyForDeploymentPostprocessing = 0;
		};
		47A218E62E7CA5DB00E52EB5 /* Sources */ = {
			isa = PBXSourcesBuildPhase;
			buildActionMask = 2147483647;
			files = (
			);
			runOnlyForDeploymentPostprocessing = 0;
		};
		47A218F02E7CA5DB00E52EB5 /* Sources */ = {
			isa = PBXSourcesBuildPhase;
			buildActionMask = 2147483647;
			files = (
			);
			runOnlyForDeploymentPostprocessing = 0;
		};
/* End PBXSourcesBuildPhase section */

/* Begin PBXTargetDependency section */
		47A218ED2E7CA5DB00E52EB5 /* PBXTargetDependency */ = {
			isa = PBXTargetDependency;
			target = 47A218E92E7CA5DB00E52EB5 /* test Extension (iOS) */;
			targetProxy = 47A218EC2E7CA5DB00E52EB5 /* PBXContainerItemProxy */;
		};
		47A218F72E7CA5DB00E52EB5 /* PBXTargetDependency */ = {
			isa = PBXTargetDependency;
			target = 47A218F32E7CA5DB00E52EB5 /* test Extension (macOS) */;
			targetProxy = 47A218F62E7CA5DB00E52EB5 /* PBXContainerItemProxy */;
		};
/* End PBXTargetDependency section */

/* Begin XCBuildConfiguration section */
		47A2191A2E7CA5DB00E52EB5 /* Debug */ = {
			isa = XCBuildConfiguration;
			buildSettings = {
				CODE_SIGN_STYLE = Automatic;
				CURRENT_PROJECT_VERSION = 1;
				DEVELOPMENT_TEAM = Z6ZFSWFBR2;
				GENERATE_INFOPLIST_FILE = YES;
				INFOPLIST_FILE = "iOS (Extension)/Info.plist";
				INFOPLIST_KEY_CFBundleDisplayName = "test Extension";
				INFOPLIST_KEY_NSHumanReadableCopyright = "";
				IPHONEOS_DEPLOYMENT_TARGET = 15.0;
				LD_RUNPATH_SEARCH_PATHS = (
					"$(inherited)",
					"@executable_path/Frameworks",
					"@executable_path/../../Frameworks",
				);
				MARKETING_VERSION = 1.0;
				OTHER_LDFLAGS = (
					"-framework",
					SafariServices,
				);
				PRODUCT_BUNDLE_IDENTIFIER = com.croissantlabs.test.Extension;
				PRODUCT_NAME = "test Extension";
				SDKROOT = iphoneos;
				SKIP_INSTALL = YES;
				STRING_CATALOG_GENERATE_SYMBOLS = YES;
				SWIFT_APPROACHABLE_CONCURRENCY = YES;
				SWIFT_EMIT_LOC_STRINGS = YES;
				SWIFT_UPCOMING_FEATURE_MEMBER_IMPORT_VISIBILITY = YES;
				SWIFT_VERSION = 5.0;
				TARGETED_DEVICE_FAMILY = "1,2";
			};
			name = Debug;
		};
		47A2191B2E7CA5DB00E52EB5 /* Release */ = {
			isa = XCBuildConfiguration;
			buildSettings = {
				CODE_SIGN_STYLE = Automatic;
				CURRENT_PROJECT_VERSION = 1;
				DEVELOPMENT_TEAM = Z6ZFSWFBR2;
				GENERATE_INFOPLIST_FILE = YES;
				INFOPLIST_FILE = "iOS (Extension)/Info.plist";
				INFOPLIST_KEY_CFBundleDisplayName = "test Extension";
				INFOPLIST_KEY_NSHumanReadableCopyright = "";
				IPHONEOS_DEPLOYMENT_TARGET = 15.0;
				LD_RUNPATH_SEARCH_PATHS = (
					"$(inherited)",
					"@executable_path/Frameworks",
					"@executable_path/../../Frameworks",
				);
				MARKETING_VERSION = 1.0;
				OTHER_LDFLAGS = (
					"-framework",
					SafariServices,
				);
				PRODUCT_BUNDLE_IDENTIFIER = com.croissantlabs.test.Extension;
				PRODUCT_NAME = "test Extension";
				SDKROOT = iphoneos;
				SKIP_INSTALL = YES;
				STRING_CATALOG_GENERATE_SYMBOLS = YES;
				SWIFT_APPROACHABLE_CONCURRENCY = YES;
				SWIFT_EMIT_LOC_STRINGS = YES;
				SWIFT_UPCOMING_FEATURE_MEMBER_IMPORT_VISIBILITY = YES;
				SWIFT_VERSION = 5.0;
				TARGETED_DEVICE_FAMILY = "1,2";
				VALIDATE_PRODUCT = YES;
			};
			name = Release;
		};
		47A2191F2E7CA5DB00E52EB5 /* Debug */ = {
			isa = XCBuildConfiguration;
			buildSettings = {
				ASSETCATALOG_COMPILER_APPICON_NAME = AppIcon;
				ASSETCATALOG_COMPILER_GLOBAL_ACCENT_COLOR_NAME = AccentColor;
				CODE_SIGN_STYLE = Automatic;
				CURRENT_PROJECT_VERSION = 1;
				DEVELOPMENT_TEAM = Z6ZFSWFBR2;
				GENERATE_INFOPLIST_FILE = YES;
				INFOPLIST_FILE = "iOS (App)/Info.plist";
				INFOPLIST_KEY_CFBundleDisplayName = test;
				INFOPLIST_KEY_UIApplicationSupportsIndirectInputEvents = YES;
				INFOPLIST_KEY_UILaunchStoryboardName = LaunchScreen;
				INFOPLIST_KEY_UIMainStoryboardFile = Main;
				INFOPLIST_KEY_UISupportedInterfaceOrientations = "UIInterfaceOrientationPortrait UIInterfaceOrientationLandscapeLeft UIInterfaceOrientationLandscapeRight";
				INFOPLIST_KEY_UISupportedInterfaceOrientations_iPad = "UIInterfaceOrientationPortrait UIInterfaceOrientationPortraitUpsideDown UIInterfaceOrientationLandscapeLeft UIInterfaceOrientationLandscapeRight";
				IPHONEOS_DEPLOYMENT_TARGET = 15.0;
				LD_RUNPATH_SEARCH_PATHS = (
					"$(inherited)",
					"@executable_path/Frameworks",
				);
				MARKETING_VERSION = 1.0;
				OTHER_LDFLAGS = (
					"-framework",
					SafariServices,
					"-framework",
					WebKit,
				);
				PRODUCT_BUNDLE_IDENTIFIER = com.croissantlabs.test;
				PRODUCT_NAME = test;
				SDKROOT = iphoneos;
				STRING_CATALOG_GENERATE_SYMBOLS = YES;
				SWIFT_APPROACHABLE_CONCURRENCY = YES;
				SWIFT_DEFAULT_ACTOR_ISOLATION = MainActor;
				SWIFT_EMIT_LOC_STRINGS = YES;
				SWIFT_UPCOMING_FEATURE_MEMBER_IMPORT_VISIBILITY = YES;
				SWIFT_VERSION = 5.0;
				TARGETED_DEVICE_FAMILY = "1,2";
			};
			name = Debug;
		};
		47A219202E7CA5DB00E52EB5 /* Release */ = {
			isa = XCBuildConfiguration;
			buildSettings = {
				ASSETCATALOG_COMPILER_APPICON_NAME = AppIcon;
				ASSETCATALOG_COMPILER_GLOBAL_ACCENT_COLOR_NAME = AccentColor;
				CODE_SIGN_STYLE = Automatic;
				CURRENT_PROJECT_VERSION = 1;
				DEVELOPMENT_TEAM = Z6ZFSWFBR2;
				GENERATE_INFOPLIST_FILE = YES;
				INFOPLIST_FILE = "iOS (App)/Info.plist";
				INFOPLIST_KEY_CFBundleDisplayName = test;
				INFOPLIST_KEY_UIApplicationSupportsIndirectInputEvents = YES;
				INFOPLIST_KEY_UILaunchStoryboardName = LaunchScreen;
				INFOPLIST_KEY_UIMainStoryboardFile = Main;
				INFOPLIST_KEY_UISupportedInterfaceOrientations = "UIInterfaceOrientationPortrait UIInterfaceOrientationLandscapeLeft UIInterfaceOrientationLandscapeRight";
				INFOPLIST_KEY_UISupportedInterfaceOrientations_iPad = "UIInterfaceOrientationPortrait UIInterfaceOrientationPortraitUpsideDown UIInterfaceOrientationLandscapeLeft UIInterfaceOrientationLandscapeRight";
				IPHONEOS_DEPLOYMENT_TARGET = 15.0;
				LD_RUNPATH_SEARCH_PATHS = (
					"$(inherited)",
					"@executable_path/Frameworks",
				);
				MARKETING_VERSION = 1.0;
				OTHER_LDFLAGS = (
					"-framework",
					SafariServices,
					"-framework",
					WebKit,
				);
				PRODUCT_BUNDLE_IDENTIFIER = com.croissantlabs.test;
				PRODUCT_NAME = test;
				SDKROOT = iphoneos;
				STRING_CATALOG_GENERATE_SYMBOLS = YES;
				SWIFT_APPROACHABLE_CONCURRENCY = YES;
				SWIFT_DEFAULT_ACTOR_ISOLATION = MainActor;
				SWIFT_EMIT_LOC_STRINGS = YES;
				SWIFT_UPCOMING_FEATURE_MEMBER_IMPORT_VISIBILITY = YES;
				SWIFT_VERSION = 5.0;
				TARGETED_DEVICE_FAMILY = "1,2";
				VALIDATE_PRODUCT = YES;
			};
			name = Release;
		};
		47A219242E7CA5DB00E52EB5 /* Debug */ = {
			isa = XCBuildConfiguration;
			buildSettings = {
				CODE_SIGN_STYLE = Automatic;
				CURRENT_PROJECT_VERSION = 1;
				DEVELOPMENT_TEAM = Z6ZFSWFBR2;
				ENABLE_APP_SANDBOX = YES;
				ENABLE_HARDENED_RUNTIME = YES;
				ENABLE_USER_SELECTED_FILES = readonly;
				GENERATE_INFOPLIST_FILE = YES;
				INFOPLIST_FILE = "macOS (Extension)/Info.plist";
				INFOPLIST_KEY_CFBundleDisplayName = "test Extension";
				INFOPLIST_KEY_NSHumanReadableCopyright = "";
				LD_RUNPATH_SEARCH_PATHS = (
					"$(inherited)",
					"@executable_path/../Frameworks",
					"@executable_path/../../../../Frameworks",
				);
				MACOSX_DEPLOYMENT_TARGET = 10.14;
				MARKETING_VERSION = 1.0;
				OTHER_LDFLAGS = (
					"-framework",
					SafariServices,
				);
				PRODUCT_BUNDLE_IDENTIFIER = com.croissantlabs.test.Extension;
				PRODUCT_NAME = "test Extension";
				SDKROOT = macosx;
				SKIP_INSTALL = YES;
				STRING_CATALOG_GENERATE_SYMBOLS = YES;
				SWIFT_APPROACHABLE_CONCURRENCY = YES;
				SWIFT_EMIT_LOC_STRINGS = YES;
				SWIFT_UPCOMING_FEATURE_MEMBER_IMPORT_VISIBILITY = YES;
				SWIFT_VERSION = 5.0;
			};
			name = Debug;
		};
		47A219252E7CA5DB00E52EB5 /* Release */ = {
			isa = XCBuildConfiguration;
			buildSettings = {
				CODE_SIGN_STYLE = Automatic;
				CURRENT_PROJECT_VERSION = 1;
				DEVELOPMENT_TEAM = Z6ZFSWFBR2;
				ENABLE_APP_SANDBOX = YES;
				ENABLE_HARDENED_RUNTIME = YES;
				ENABLE_USER_SELECTED_FILES = readonly;
				GENERATE_INFOPLIST_FILE = YES;
				INFOPLIST_FILE = "macOS (Extension)/Info.plist";
				INFOPLIST_KEY_CFBundleDisplayName = "test Extension";
				INFOPLIST_KEY_NSHumanReadableCopyright = "";
				LD_RUNPATH_SEARCH_PATHS = (
					"$(inherited)",
					"@executable_path/../Frameworks",
					"@executable_path/../../../../Frameworks",
				);
				MACOSX_DEPLOYMENT_TARGET = 10.14;
				MARKETING_VERSION = 1.0;
				OTHER_LDFLAGS = (
					"-framework",
					SafariServices,
				);
				PRODUCT_BUNDLE_IDENTIFIER = com.croissantlabs.test.Extension;
				PRODUCT_NAME = "test Extension";
				SDKROOT = macosx;
				SKIP_INSTALL = YES;
				STRING_CATALOG_GENERATE_SYMBOLS = YES;
				SWIFT_APPROACHABLE_CONCURRENCY = YES;
				SWIFT_EMIT_LOC_STRINGS = YES;
				SWIFT_UPCOMING_FEATURE_MEMBER_IMPORT_VISIBILITY = YES;
				SWIFT_VERSION = 5.0;
			};
			name = Release;
		};
		47A219292E7CA5DB00E52EB5 /* Debug */ = {
			isa = XCBuildConfiguration;
			buildSettings = {
				ASSETCATALOG_COMPILER_APPICON_NAME = AppIcon;
				ASSETCATALOG_COMPILER_GLOBAL_ACCENT_COLOR_NAME = AccentColor;
				CODE_SIGN_STYLE = Automatic;
				CURRENT_PROJECT_VERSION = 1;
				DEVELOPMENT_TEAM = Z6ZFSWFBR2;
				ENABLE_APP_SANDBOX = YES;
				ENABLE_HARDENED_RUNTIME = YES;
				ENABLE_OUTGOING_NETWORK_CONNECTIONS = YES;
				ENABLE_USER_SELECTED_FILES = readonly;
				GENERATE_INFOPLIST_FILE = YES;
				INFOPLIST_KEY_CFBundleDisplayName = test;
				INFOPLIST_KEY_NSMainStoryboardFile = Main;
				INFOPLIST_KEY_NSPrincipalClass = NSApplication;
				LD_RUNPATH_SEARCH_PATHS = (
					"$(inherited)",
					"@executable_path/../Frameworks",
				);
				MACOSX_DEPLOYMENT_TARGET = 10.14;
				MARKETING_VERSION = 1.0;
				OTHER_LDFLAGS = (
					"-framework",
					SafariServices,
					"-framework",
					WebKit,
				);
				PRODUCT_BUNDLE_IDENTIFIER = com.croissantlabs.test;
				PRODUCT_NAME = test;
				REGISTER_APP_GROUPS = YES;
				SDKROOT = macosx;
				STRING_CATALOG_GENERATE_SYMBOLS = YES;
				SWIFT_APPROACHABLE_CONCURRENCY = YES;
				SWIFT_DEFAULT_ACTOR_ISOLATION = MainActor;
				SWIFT_EMIT_LOC_STRINGS = YES;
				SWIFT_UPCOMING_FEATURE_MEMBER_IMPORT_VISIBILITY = YES;
				SWIFT_VERSION = 5.0;
			};
			name = Debug;
		};
		47A2192A2E7CA5DB00E52EB5 /* Release */ = {
			isa = XCBuildConfiguration;
			buildSettings = {
				ASSETCATALOG_COMPILER_APPICON_NAME = AppIcon;
				ASSETCATALOG_COMPILER_GLOBAL_ACCENT_COLOR_NAME = AccentColor;
				CODE_SIGN_STYLE = Automatic;
				CURRENT_PROJECT_VERSION = 1;
				DEVELOPMENT_TEAM = Z6ZFSWFBR2;
				ENABLE_APP_SANDBOX = YES;
				ENABLE_HARDENED_RUNTIME = YES;
				ENABLE_OUTGOING_NETWORK_CONNECTIONS = YES;
				ENABLE_USER_SELECTED_FILES = readonly;
				GENERATE_INFOPLIST_FILE = YES;
				INFOPLIST_KEY_CFBundleDisplayName = test;
				INFOPLIST_KEY_NSMainStoryboardFile = Main;
				INFOPLIST_KEY_NSPrincipalClass = NSApplication;
				LD_RUNPATH_SEARCH_PATHS = (
					"$(inherited)",
					"@executable_path/../Frameworks",
				);
				MACOSX_DEPLOYMENT_TARGET = 10.14;
				MARKETING_VERSION = 1.0;
				OTHER_LDFLAGS = (
					"-framework",
					SafariServices,
					"-framework",
					WebKit,
				);
				PRODUCT_BUNDLE_IDENTIFIER = com.croissantlabs.test;
				PRODUCT_NAME = test;
				REGISTER_APP_GROUPS = YES;
				SDKROOT = macosx;
				STRING_CATALOG_GENERATE_SYMBOLS = YES;
				SWIFT_APPROACHABLE_CONCURRENCY = YES;
				SWIFT_DEFAULT_ACTOR_ISOLATION = MainActor;
				SWIFT_EMIT_LOC_STRINGS = YES;
				SWIFT_UPCOMING_FEATURE_MEMBER_IMPORT_VISIBILITY = YES;
				SWIFT_VERSION = 5.0;
			};
			name = Release;
		};
		47A2192D2E7CA5DB00E52EB5 /* Debug */ = {
			isa = XCBuildConfiguration;
			buildSettings = {
				ALWAYS_SEARCH_USER_PATHS = NO;
				ASSETCATALOG_COMPILER_GENERATE_SWIFT_ASSET_SYMBOL_EXTENSIONS = YES;
				CLANG_ANALYZER_NONNULL = YES;
				CLANG_ANALYZER_NUMBER_OBJECT_CONVERSION = YES_AGGRESSIVE;
				CLANG_CXX_LANGUAGE_STANDARD = "gnu++20";
				CLANG_ENABLE_MODULES = YES;
				CLANG_ENABLE_OBJC_ARC = YES;
				CLANG_ENABLE_OBJC_WEAK = YES;
				CLANG_WARN_BLOCK_CAPTURE_AUTORELEASING = YES;
				CLANG_WARN_BOOL_CONVERSION = YES;
				CLANG_WARN_COMMA = YES;
				CLANG_WARN_CONSTANT_CONVERSION = YES;
				CLANG_WARN_DEPRECATED_OBJC_IMPLEMENTATIONS = YES;
				CLANG_WARN_DIRECT_OBJC_ISA_USAGE = YES_ERROR;
				CLANG_WARN_DOCUMENTATION_COMMENTS = YES;
				CLANG_WARN_EMPTY_BODY = YES;
				CLANG_WARN_ENUM_CONVERSION = YES;
				CLANG_WARN_INFINITE_RECURSION = YES;
				CLANG_WARN_INT_CONVERSION = YES;
				CLANG_WARN_NON_LITERAL_NULL_CONVERSION = YES;
				CLANG_WARN_OBJC_IMPLICIT_RETAIN_SELF = YES;
				CLANG_WARN_OBJC_LITERAL_CONVERSION = YES;
				CLANG_WARN_OBJC_ROOT_CLASS = YES_ERROR;
				CLANG_WARN_QUOTED_INCLUDE_IN_FRAMEWORK_HEADER = YES;
				CLANG_WARN_RANGE_LOOP_ANALYSIS = YES;
				CLANG_WARN_STRICT_PROTOTYPES = YES;
				CLANG_WARN_SUSPICIOUS_MOVE = YES;
				CLANG_WARN_UNGUARDED_AVAILABILITY = YES_AGGRESSIVE;
				CLANG_WARN_UNREACHABLE_CODE = YES;
				CLANG_WARN__DUPLICATE_METHOD_MATCH = YES;
				COPY_PHASE_STRIP = NO;
				DEBUG_INFORMATION_FORMAT = dwarf;
				DEVELOPMENT_TEAM = Z6ZFSWFBR2;
				ENABLE_STRICT_OBJC_MSGSEND = YES;
				ENABLE_TESTABILITY = YES;
				ENABLE_USER_SCRIPT_SANDBOXING = YES;
				GCC_C_LANGUAGE_STANDARD = gnu17;
				GCC_DYNAMIC_NO_PIC = NO;
				GCC_NO_COMMON_BLOCKS = YES;
				GCC_OPTIMIZATION_LEVEL = 0;
				GCC_PREPROCESSOR_DEFINITIONS = (
					"DEBUG=1",
					"$(inherited)",
				);
				GCC_WARN_64_TO_32_BIT_CONVERSION = YES;
				GCC_WARN_ABOUT_RETURN_TYPE = YES_ERROR;
				GCC_WARN_UNDECLARED_SELECTOR = YES;
				GCC_WARN_UNINITIALIZED_AUTOS = YES_AGGRESSIVE;
				GCC_WARN_UNUSED_FUNCTION = YES;
				GCC_WARN_UNUSED_VARIABLE = YES;
				LOCALIZATION_PREFERS_STRING_CATALOGS = YES;
				MTL_ENABLE_DEBUG_INFO = INCLUDE_SOURCE;
				MTL_FAST_MATH = YES;
				ONLY_ACTIVE_ARCH = YES;
				SWIFT_ACTIVE_COMPILATION_CONDITIONS = "DEBUG $(inherited)";
				SWIFT_OPTIMIZATION_LEVEL = "-Onone";
			};
			name = Debug;
		};
		47A2192E2E7CA5DB00E52EB5 /* Release */ = {
			isa = XCBuildConfiguration;
			buildSettings = {
				ALWAYS_SEARCH_USER_PATHS = NO;
				ASSETCATALOG_COMPILER_GENERATE_SWIFT_ASSET_SYMBOL_EXTENSIONS = YES;
				CLANG_ANALYZER_NONNULL = YES;
				CLANG_ANALYZER_NUMBER_OBJECT_CONVERSION = YES_AGGRESSIVE;
				CLANG_CXX_LANGUAGE_STANDARD = "gnu++20";
				CLANG_ENABLE_MODULES = YES;
				CLANG_ENABLE_OBJC_ARC = YES;
				CLANG_ENABLE_OBJC_WEAK = YES;
				CLANG_WARN_BLOCK_CAPTURE_AUTORELEASING = YES;
				CLANG_WARN_BOOL_CONVERSION = YES;
				CLANG_WARN_COMMA = YES;
				CLANG_WARN_CONSTANT_CONVERSION = YES;
				CLANG_WARN_DEPRECATED_OBJC_IMPLEMENTATIONS = YES;
				CLANG_WARN_DIRECT_OBJC_ISA_USAGE = YES_ERROR;
				CLANG_WARN_DOCUMENTATION_COMMENTS = YES;
				CLANG_WARN_EMPTY_BODY = YES;
				CLANG_WARN_ENUM_CONVERSION = YES;
				CLANG_WARN_INFINITE_RECURSION = YES;
				CLANG_WARN_INT_CONVERSION = YES;
				CLANG_WARN_NON_LITERAL_NULL_CONVERSION = YES;
				CLANG_WARN_OBJC_IMPLICIT_RETAIN_SELF = YES;
				CLANG_WARN_OBJC_LITERAL_CONVERSION = YES;
				CLANG_WARN_OBJC_ROOT_CLASS = YES_ERROR;
				CLANG_WARN_QUOTED_INCLUDE_IN_FRAMEWORK_HEADER = YES;
				CLANG_WARN_RANGE_LOOP_ANALYSIS = YES;
				CLANG_WARN_STRICT_PROTOTYPES = YES;
				CLANG_WARN_SUSPICIOUS_MOVE = YES;
				CLANG_WARN_UNGUARDED_AVAILABILITY = YES_AGGRESSIVE;
				CLANG_WARN_UNREACHABLE_CODE = YES;
				CLANG_WARN__DUPLICATE_METHOD_MATCH = YES;
				COPY_PHASE_STRIP = NO;
				DEBUG_INFORMATION_FORMAT = "dwarf-with-dsym";
				DEVELOPMENT_TEAM = Z6ZFSWFBR2;
				ENABLE_NS_ASSERTIONS = NO;
				ENABLE_STRICT_OBJC_MSGSEND = YES;
				ENABLE_USER_SCRIPT_SANDBOXING = YES;
				GCC_C_LANGUAGE_STANDARD = gnu17;
				GCC_NO_COMMON_BLOCKS = YES;
				GCC_WARN_64_TO_32_BIT_CONVERSION = YES;
				GCC_WARN_ABOUT_RETURN_TYPE = YES_ERROR;
				GCC_WARN_UNDECLARED_SELECTOR = YES;
				GCC_WARN_UNINITIALIZED_AUTOS = YES_AGGRESSIVE;
				GCC_WARN_UNUSED_FUNCTION = YES;
				GCC_WARN_UNUSED_VARIABLE = YES;
				LOCALIZATION_PREFERS_STRING_CATALOGS = YES;
				MTL_ENABLE_DEBUG_INFO = NO;
				MTL_FAST_MATH = YES;
				SWIFT_COMPILATION_MODE = wholemodule;
			};
			name = Release;
		};
/* End XCBuildConfiguration section */

/* Begin XCConfigurationList section */
		47A218B42E7CA5D700E52EB5 /* Build configuration list for PBXProject "test" */ = {
			isa = XCConfigurationList;
			buildConfigurations = (
				47A2192D2E7CA5DB00E52EB5 /* Debug */,
				47A2192E2E7CA5DB00E52EB5 /* Release */,
			);
			defaultConfigurationIsVisible = 0;
			defaultConfigurationName = Release;
		};
		47A219192E7CA5DB00E52EB5 /* Build configuration list for PBXNativeTarget "test Extension (iOS)" */ = {
			isa = XCConfigurationList;
			buildConfigurations = (
				47A2191A2E7CA5DB00E52EB5 /* Debug */,
				47A2191B2E7CA5DB00E52EB5 /* Release */,
			);
			defaultConfigurationIsVisible = 0;
			defaultConfigurationName = Release;
		};
		47A2191E2E7CA5DB00E52EB5 /* Build configuration list for PBXNativeTarget "test (iOS)" */ = {
			isa = XCConfigurationList;
			buildConfigurations = (
				47A2191F2E7CA5DB00E52EB5 /* Debug */,
				47A219202E7CA5DB00E52EB5 /* Release */,
			);
			defaultConfigurationIsVisible = 0;
			defaultConfigurationName = Release;
		};
		47A219232E7CA5DB00E52EB5 /* Build configuration list for PBXNativeTarget "test Extension (macOS)" */ = {
			isa = XCConfigurationList;
			buildConfigurations = (
				47A219242E7CA5DB00E52EB5 /* Debug */,
				47A219252E7CA5DB00E52EB5 /* Release */,
			);
			defaultConfigurationIsVisible = 0;
			defaultConfigurationName = Release;
		};
		47A219282E7CA5DB00E52EB5 /* Build configuration list for PBXNativeTarget "test (macOS)" */ = {
			isa = XCConfigurationList;
			buildConfigurations = (
				47A219292E7CA5DB00E52EB5 /* Debug */,
				47A2192A2E7CA5DB00E52EB5 /* Release */,
			);
			defaultConfigurationIsVisible = 0;
			defaultConfigurationName = Release;
		};
/* End XCConfigurationList section */
	};
	rootObject = 47A218B12E7CA5D700E52EB5 /* Project object */;
}
