// !$*UTF8*$!
{
	archiveVersion = 1;
	classes = {
	};
	objectVersion = 77;
	objects = {

/* Begin PBXBuildFile section */
		474FA9B22E68D8CB00B25C64 /* JustDark Extension.appex in Embed Foundation Extensions */ = {isa = PBXBuildFile; fileRef = 474FA9B12E68D8CB00B25C64 /* JustDark Extension.appex */; settings = {ATTRIBUTES = (RemoveHeadersOnCopy, ); }; };
		474FA9BC2E68D8CB00B25C64 /* JustDark Extension.appex in Embed Foundation Extensions */ = {isa = PBXBuildFile; fileRef = 474FA9BB2E68D8CB00B25C64 /* JustDark Extension.appex */; settings = {ATTRIBUTES = (RemoveHeadersOnCopy, ); }; };
/* End PBXBuildFile section */

/* Begin PBXContainerItemProxy section */
		474FA9B32E68D8CB00B25C64 /* PBXContainerItemProxy */ = {
			isa = PBXContainerItemProxy;
			containerPortal = 474FA9772E68D8C700B25C64 /* Project object */;
			proxyType = 1;
			remoteGlobalIDString = 474FA9B02E68D8CB00B25C64;
			remoteInfo = "JustDark Extension (iOS)";
		};
		474FA9BD2E68D8CB00B25C64 /* PBXContainerItemProxy */ = {
			isa = PBXContainerItemProxy;
			containerPortal = 474FA9772E68D8C700B25C64 /* Project object */;
			proxyType = 1;
			remoteGlobalIDString = 474FA9BA2E68D8CB00B25C64;
			remoteInfo = "JustDark Extension (macOS)";
		};
/* End PBXContainerItemProxy section */

/* Begin PBXCopyFilesBuildPhase section */
		474FA9E52E68D8CB00B25C64 /* Embed Foundation Extensions */ = {
			isa = PBXCopyFilesBuildPhase;
			buildActionMask = 2147483647;
			dstPath = "";
			dstSubfolderSpec = 13;
			files = (
				474FA9B22E68D8CB00B25C64 /* JustDark Extension.appex in Embed Foundation Extensions */,
			);
			name = "Embed Foundation Extensions";
			runOnlyForDeploymentPostprocessing = 0;
		};
		474FA9EF2E68D8CB00B25C64 /* Embed Foundation Extensions */ = {
			isa = PBXCopyFilesBuildPhase;
			buildActionMask = 2147483647;
			dstPath = "";
			dstSubfolderSpec = 13;
			files = (
				474FA9BC2E68D8CB00B25C64 /* JustDark Extension.appex in Embed Foundation Extensions */,
			);
			name = "Embed Foundation Extensions";
			runOnlyForDeploymentPostprocessing = 0;
		};
/* End PBXCopyFilesBuildPhase section */

/* Begin PBXFileReference section */
		474FA9932E68D8CB00B25C64 /* JustDark.app */ = {isa = PBXFileReference; explicitFileType = wrapper.application; includeInIndex = 0; path = JustDark.app; sourceTree = BUILT_PRODUCTS_DIR; };
		474FA9A52E68D8CB00B25C64 /* JustDark.app */ = {isa = PBXFileReference; explicitFileType = wrapper.application; includeInIndex = 0; path = JustDark.app; sourceTree = BUILT_PRODUCTS_DIR; };
		474FA9B12E68D8CB00B25C64 /* JustDark Extension.appex */ = {isa = PBXFileReference; explicitFileType = "wrapper.app-extension"; includeInIndex = 0; path = "JustDark Extension.appex"; sourceTree = BUILT_PRODUCTS_DIR; };
		474FA9BB2E68D8CB00B25C64 /* JustDark Extension.appex */ = {isa = PBXFileReference; explicitFileType = "wrapper.app-extension"; includeInIndex = 0; path = "JustDark Extension.appex"; sourceTree = BUILT_PRODUCTS_DIR; };
/* End PBXFileReference section */

/* Begin PBXFileSystemSynchronizedBuildFileExceptionSet section */
		474FA9E02E68D8CB00B25C64 /* Exceptions for "Shared (App)" folder in "JustDark (iOS)" target */ = {
			isa = PBXFileSystemSynchronizedBuildFileExceptionSet;
			membershipExceptions = (
				"/Localized: Resources/Main.html",
				Assets.xcassets,
				Resources/AppIcon.icon,
				Resources/Icon.png,
				Resources/Script.js,
				Resources/Style.css,
				ViewController.swift,
			);
			target = 474FA9922E68D8CB00B25C64 /* JustDark (iOS) */;
		};
		474FA9E42E68D8CB00B25C64 /* Exceptions for "iOS (Extension)" folder in "JustDark Extension (iOS)" target */ = {
			isa = PBXFileSystemSynchronizedBuildFileExceptionSet;
			membershipExceptions = (
				Info.plist,
			);
			target = 474FA9B02E68D8CB00B25C64 /* JustDark Extension (iOS) */;
		};
		474FA9E92E68D8CB00B25C64 /* Exceptions for "iOS (App)" folder in "JustDark (iOS)" target */ = {
			isa = PBXFileSystemSynchronizedBuildFileExceptionSet;
			membershipExceptions = (
				Info.plist,
			);
			target = 474FA9922E68D8CB00B25C64 /* JustDark (iOS) */;
		};
		474FA9EA2E68D8CB00B25C64 /* Exceptions for "Shared (App)" folder in "JustDark (macOS)" target */ = {
			isa = PBXFileSystemSynchronizedBuildFileExceptionSet;
			membershipExceptions = (
				"/Localized: Resources/Main.html",
				Assets.xcassets,
				Resources/AppIcon.icon,
				Resources/Icon.png,
				Resources/Script.js,
				Resources/Style.css,
				ViewController.swift,
			);
			target = 474FA9A42E68D8CB00B25C64 /* JustDark (macOS) */;
		};
		474FA9EE2E68D8CB00B25C64 /* Exceptions for "macOS (Extension)" folder in "JustDark Extension (macOS)" target */ = {
			isa = PBXFileSystemSynchronizedBuildFileExceptionSet;
			membershipExceptions = (
				Info.plist,
			);
			target = 474FA9BA2E68D8CB00B25C64 /* JustDark Extension (macOS) */;
		};
		474FA9F32E68D8CB00B25C64 /* Exceptions for "Shared (Extension)" folder in "JustDark Extension (iOS)" target */ = {
			isa = PBXFileSystemSynchronizedBuildFileExceptionSet;
			membershipExceptions = (
				Resources/_locales,
				Resources/background.js,
				Resources/content.js,
				Resources/images,
				Resources/manifest.json,
				Resources/popup.css,
				Resources/popup.html,
				Resources/popup.js,
				SafariWebExtensionHandler.swift,
			);
			target = 474FA9B02E68D8CB00B25C64 /* JustDark Extension (iOS) */;
		};
		474FA9F42E68D8CB00B25C64 /* Exceptions for "Shared (Extension)" folder in "JustDark Extension (macOS)" target */ = {
			isa = PBXFileSystemSynchronizedBuildFileExceptionSet;
			membershipExceptions = (
				Resources/_locales,
				Resources/background.js,
				Resources/content.js,
				Resources/images,
				Resources/manifest.json,
				Resources/popup.css,
				Resources/popup.html,
				Resources/popup.js,
				SafariWebExtensionHandler.swift,
			);
			target = 474FA9BA2E68D8CB00B25C64 /* JustDark Extension (macOS) */;
		};
/* End PBXFileSystemSynchronizedBuildFileExceptionSet section */

/* Begin PBXFileSystemSynchronizedRootGroup section */
		474FA97B2E68D8C700B25C64 /* Shared (App) */ = {
			isa = PBXFileSystemSynchronizedRootGroup;
			exceptions = (
				474FA9E02E68D8CB00B25C64 /* Exceptions for "Shared (App)" folder in "JustDark (iOS)" target */,
				474FA9EA2E68D8CB00B25C64 /* Exceptions for "Shared (App)" folder in "JustDark (macOS)" target */,
			);
			path = "Shared (App)";
			sourceTree = "<group>";
		};
		474FA9842E68D8CB00B25C64 /* Shared (Extension) */ = {
			isa = PBXFileSystemSynchronizedRootGroup;
			exceptions = (
				474FA9F32E68D8CB00B25C64 /* Exceptions for "Shared (Extension)" folder in "JustDark Extension (iOS)" target */,
				474FA9F42E68D8CB00B25C64 /* Exceptions for "Shared (Extension)" folder in "JustDark Extension (macOS)" target */,
			);
			explicitFolders = (
				Resources/_locales,
				Resources/images,
			);
			path = "Shared (Extension)";
			sourceTree = "<group>";
		};
		474FA9952E68D8CB00B25C64 /* iOS (App) */ = {
			isa = PBXFileSystemSynchronizedRootGroup;
			exceptions = (
				474FA9E92E68D8CB00B25C64 /* Exceptions for "iOS (App)" folder in "JustDark (iOS)" target */,
			);
			path = "iOS (App)";
			sourceTree = "<group>";
		};
		474FA9A62E68D8CB00B25C64 /* macOS (App) */ = {
			isa = PBXFileSystemSynchronizedRootGroup;
			path = "macOS (App)";
			sourceTree = "<group>";
		};
		474FA9B52E68D8CB00B25C64 /* iOS (Extension) */ = {
			isa = PBXFileSystemSynchronizedRootGroup;
			exceptions = (
				474FA9E42E68D8CB00B25C64 /* Exceptions for "iOS (Extension)" folder in "JustDark Extension (iOS)" target */,
			);
			path = "iOS (Extension)";
			sourceTree = "<group>";
		};
		474FA9BF2E68D8CB00B25C64 /* macOS (Extension) */ = {
			isa = PBXFileSystemSynchronizedRootGroup;
			exceptions = (
				474FA9EE2E68D8CB00B25C64 /* Exceptions for "macOS (Extension)" folder in "JustDark Extension (macOS)" target */,
			);
			path = "macOS (Extension)";
			sourceTree = "<group>";
		};
/* End PBXFileSystemSynchronizedRootGroup section */

/* Begin PBXFrameworksBuildPhase section */
		474FA9902E68D8CB00B25C64 /* Frameworks */ = {
			isa = PBXFrameworksBuildPhase;
			buildActionMask = 2147483647;
			files = (
			);
			runOnlyForDeploymentPostprocessing = 0;
		};
		474FA9A22E68D8CB00B25C64 /* Frameworks */ = {
			isa = PBXFrameworksBuildPhase;
			buildActionMask = 2147483647;
			files = (
			);
			runOnlyForDeploymentPostprocessing = 0;
		};
		474FA9AE2E68D8CB00B25C64 /* Frameworks */ = {
			isa = PBXFrameworksBuildPhase;
			buildActionMask = 2147483647;
			files = (
			);
			runOnlyForDeploymentPostprocessing = 0;
		};
		474FA9B82E68D8CB00B25C64 /* Frameworks */ = {
			isa = PBXFrameworksBuildPhase;
			buildActionMask = 2147483647;
			files = (
			);
			runOnlyForDeploymentPostprocessing = 0;
		};
/* End PBXFrameworksBuildPhase section */

/* Begin PBXGroup section */
		474FA9762E68D8C700B25C64 = {
			isa = PBXGroup;
			children = (
				474FA97B2E68D8C700B25C64 /* Shared (App) */,
				474FA9842E68D8CB00B25C64 /* Shared (Extension) */,
				474FA9952E68D8CB00B25C64 /* iOS (App) */,
				474FA9A62E68D8CB00B25C64 /* macOS (App) */,
				474FA9B52E68D8CB00B25C64 /* iOS (Extension) */,
				474FA9BF2E68D8CB00B25C64 /* macOS (Extension) */,
				474FA9942E68D8CB00B25C64 /* Products */,
			);
			sourceTree = "<group>";
		};
		474FA9942E68D8CB00B25C64 /* Products */ = {
			isa = PBXGroup;
			children = (
				474FA9932E68D8CB00B25C64 /* JustDark.app */,
				474FA9A52E68D8CB00B25C64 /* JustDark.app */,
				474FA9B12E68D8CB00B25C64 /* JustDark Extension.appex */,
				474FA9BB2E68D8CB00B25C64 /* JustDark Extension.appex */,
			);
			name = Products;
			sourceTree = "<group>";
		};
/* End PBXGroup section */

/* Begin PBXNativeTarget section */
		474FA9922E68D8CB00B25C64 /* JustDark (iOS) */ = {
			isa = PBXNativeTarget;
			buildConfigurationList = 474FA9E62E68D8CB00B25C64 /* Build configuration list for PBXNativeTarget "JustDark (iOS)" */;
			buildPhases = (
				474FA98F2E68D8CB00B25C64 /* Sources */,
				474FA9902E68D8CB00B25C64 /* Frameworks */,
				474FA9912E68D8CB00B25C64 /* Resources */,
				474FA9E52E68D8CB00B25C64 /* Embed Foundation Extensions */,
			);
			buildRules = (
			);
			dependencies = (
				474FA9B42E68D8CB00B25C64 /* PBXTargetDependency */,
			);
			fileSystemSynchronizedGroups = (
				474FA9952E68D8CB00B25C64 /* iOS (App) */,
			);
			name = "JustDark (iOS)";
			packageProductDependencies = (
			);
			productName = "JustDark (iOS)";
			productReference = 474FA9932E68D8CB00B25C64 /* JustDark.app */;
			productType = "com.apple.product-type.application";
		};
		474FA9A42E68D8CB00B25C64 /* JustDark (macOS) */ = {
			isa = PBXNativeTarget;
			buildConfigurationList = 474FA9F02E68D8CB00B25C64 /* Build configuration list for PBXNativeTarget "JustDark (macOS)" */;
			buildPhases = (
				474FA9A12E68D8CB00B25C64 /* Sources */,
				474FA9A22E68D8CB00B25C64 /* Frameworks */,
				474FA9A32E68D8CB00B25C64 /* Resources */,
				474FA9EF2E68D8CB00B25C64 /* Embed Foundation Extensions */,
			);
			buildRules = (
			);
			dependencies = (
				474FA9BE2E68D8CB00B25C64 /* PBXTargetDependency */,
			);
			fileSystemSynchronizedGroups = (
				474FA9A62E68D8CB00B25C64 /* macOS (App) */,
			);
			name = "JustDark (macOS)";
			packageProductDependencies = (
			);
			productName = "JustDark (macOS)";
			productReference = 474FA9A52E68D8CB00B25C64 /* JustDark.app */;
			productType = "com.apple.product-type.application";
		};
		474FA9B02E68D8CB00B25C64 /* JustDark Extension (iOS) */ = {
			isa = PBXNativeTarget;
			buildConfigurationList = 474FA9E12E68D8CB00B25C64 /* Build configuration list for PBXNativeTarget "JustDark Extension (iOS)" */;
			buildPhases = (
				474FA9AD2E68D8CB00B25C64 /* Sources */,
				474FA9AE2E68D8CB00B25C64 /* Frameworks */,
				474FA9AF2E68D8CB00B25C64 /* Resources */,
			);
			buildRules = (
			);
			dependencies = (
			);
			fileSystemSynchronizedGroups = (
				474FA9B52E68D8CB00B25C64 /* iOS (Extension) */,
			);
			name = "JustDark Extension (iOS)";
			packageProductDependencies = (
			);
			productName = "JustDark Extension (iOS)";
			productReference = 474FA9B12E68D8CB00B25C64 /* JustDark Extension.appex */;
			productType = "com.apple.product-type.app-extension";
		};
		474FA9BA2E68D8CB00B25C64 /* JustDark Extension (macOS) */ = {
			isa = PBXNativeTarget;
			buildConfigurationList = 474FA9EB2E68D8CB00B25C64 /* Build configuration list for PBXNativeTarget "JustDark Extension (macOS)" */;
			buildPhases = (
				474FA9B72E68D8CB00B25C64 /* Sources */,
				474FA9B82E68D8CB00B25C64 /* Frameworks */,
				474FA9B92E68D8CB00B25C64 /* Resources */,
			);
			buildRules = (
			);
			dependencies = (
			);
			fileSystemSynchronizedGroups = (
				474FA9BF2E68D8CB00B25C64 /* macOS (Extension) */,
			);
			name = "JustDark Extension (macOS)";
			packageProductDependencies = (
			);
			productName = "JustDark Extension (macOS)";
			productReference = 474FA9BB2E68D8CB00B25C64 /* JustDark Extension.appex */;
			productType = "com.apple.product-type.app-extension";
		};
/* End PBXNativeTarget section */

/* Begin PBXProject section */
		474FA9772E68D8C700B25C64 /* Project object */ = {
			isa = PBXProject;
			attributes = {
				BuildIndependentTargetsInParallel = 1;
				LastSwiftUpdateCheck = 1640;
				LastUpgradeCheck = 2600;
				TargetAttributes = {
					474FA9922E68D8CB00B25C64 = {
						CreatedOnToolsVersion = 16.4;
					};
					474FA9A42E68D8CB00B25C64 = {
						CreatedOnToolsVersion = 16.4;
					};
					474FA9B02E68D8CB00B25C64 = {
						CreatedOnToolsVersion = 16.4;
					};
					474FA9BA2E68D8CB00B25C64 = {
						CreatedOnToolsVersion = 16.4;
					};
				};
			};
			buildConfigurationList = 474FA97A2E68D8C700B25C64 /* Build configuration list for PBXProject "JustDark" */;
			developmentRegion = en;
			hasScannedForEncodings = 0;
			knownRegions = (
				en,
				Base,
			);
			mainGroup = 474FA9762E68D8C700B25C64;
			minimizedProjectReferenceProxies = 1;
			preferredProjectObjectVersion = 77;
			productRefGroup = 474FA9942E68D8CB00B25C64 /* Products */;
			projectDirPath = "";
			projectRoot = "";
			targets = (
				474FA9922E68D8CB00B25C64 /* JustDark (iOS) */,
				474FA9A42E68D8CB00B25C64 /* JustDark (macOS) */,
				474FA9B02E68D8CB00B25C64 /* JustDark Extension (iOS) */,
				474FA9BA2E68D8CB00B25C64 /* JustDark Extension (macOS) */,
			);
		};
/* End PBXProject section */

/* Begin PBXResourcesBuildPhase section */
		474FA9912E68D8CB00B25C64 /* Resources */ = {
			isa = PBXResourcesBuildPhase;
			buildActionMask = 2147483647;
			files = (
			);
			runOnlyForDeploymentPostprocessing = 0;
		};
		474FA9A32E68D8CB00B25C64 /* Resources */ = {
			isa = PBXResourcesBuildPhase;
			buildActionMask = 2147483647;
			files = (
			);
			runOnlyForDeploymentPostprocessing = 0;
		};
		474FA9AF2E68D8CB00B25C64 /* Resources */ = {
			isa = PBXResourcesBuildPhase;
			buildActionMask = 2147483647;
			files = (
			);
			runOnlyForDeploymentPostprocessing = 0;
		};
		474FA9B92E68D8CB00B25C64 /* Resources */ = {
			isa = PBXResourcesBuildPhase;
			buildActionMask = 2147483647;
			files = (
			);
			runOnlyForDeploymentPostprocessing = 0;
		};
/* End PBXResourcesBuildPhase section */

/* Begin PBXSourcesBuildPhase section */
		474FA98F2E68D8CB00B25C64 /* Sources */ = {
			isa = PBXSourcesBuildPhase;
			buildActionMask = 2147483647;
			files = (
			);
			runOnlyForDeploymentPostprocessing = 0;
		};
		474FA9A12E68D8CB00B25C64 /* Sources */ = {
			isa = PBXSourcesBuildPhase;
			buildActionMask = 2147483647;
			files = (
			);
			runOnlyForDeploymentPostprocessing = 0;
		};
		474FA9AD2E68D8CB00B25C64 /* Sources */ = {
			isa = PBXSourcesBuildPhase;
			buildActionMask = 2147483647;
			files = (
			);
			runOnlyForDeploymentPostprocessing = 0;
		};
		474FA9B72E68D8CB00B25C64 /* Sources */ = {
			isa = PBXSourcesBuildPhase;
			buildActionMask = 2147483647;
			files = (
			);
			runOnlyForDeploymentPostprocessing = 0;
		};
/* End PBXSourcesBuildPhase section */

/* Begin PBXTargetDependency section */
		474FA9B42E68D8CB00B25C64 /* PBXTargetDependency */ = {
			isa = PBXTargetDependency;
			target = 474FA9B02E68D8CB00B25C64 /* JustDark Extension (iOS) */;
			targetProxy = 474FA9B32E68D8CB00B25C64 /* PBXContainerItemProxy */;
		};
		474FA9BE2E68D8CB00B25C64 /* PBXTargetDependency */ = {
			isa = PBXTargetDependency;
			target = 474FA9BA2E68D8CB00B25C64 /* JustDark Extension (macOS) */;
			targetProxy = 474FA9BD2E68D8CB00B25C64 /* PBXContainerItemProxy */;
		};
/* End PBXTargetDependency section */

/* Begin XCBuildConfiguration section */
		474FA9E22E68D8CB00B25C64 /* Debug */ = {
			isa = XCBuildConfiguration;
			buildSettings = {
				CODE_SIGN_STYLE = Automatic;
				CURRENT_PROJECT_VERSION = 1;
				DEVELOPMENT_TEAM = Z6ZFSWFBR2;
				GENERATE_INFOPLIST_FILE = YES;
				INFOPLIST_FILE = "iOS (Extension)/Info.plist";
				INFOPLIST_KEY_CFBundleDisplayName = "JustDark Extension";
				INFOPLIST_KEY_NSHumanReadableCopyright = "";
				IPHONEOS_DEPLOYMENT_TARGET = 15.0;
				LD_RUNPATH_SEARCH_PATHS = (
					"$(inherited)",
					"@executable_path/Frameworks",
					"@executable_path/../../Frameworks",
				);
				MARKETING_VERSION = 1.0;
				OTHER_LDFLAGS = (
					"-framework",
					SafariServices,
				);
				PRODUCT_BUNDLE_IDENTIFIER = com.croissantlabs.JustDark.Extension;
				PRODUCT_NAME = "JustDark Extension";
				SDKROOT = iphoneos;
				SKIP_INSTALL = YES;
				SWIFT_EMIT_LOC_STRINGS = YES;
				SWIFT_VERSION = 5.0;
				TARGETED_DEVICE_FAMILY = "1,2";
			};
			name = Debug;
		};
		474FA9E32E68D8CB00B25C64 /* Release */ = {
			isa = XCBuildConfiguration;
			buildSettings = {
				CODE_SIGN_STYLE = Automatic;
				CURRENT_PROJECT_VERSION = 1;
				DEVELOPMENT_TEAM = Z6ZFSWFBR2;
				GENERATE_INFOPLIST_FILE = YES;
				INFOPLIST_FILE = "iOS (Extension)/Info.plist";
				INFOPLIST_KEY_CFBundleDisplayName = "JustDark Extension";
				INFOPLIST_KEY_NSHumanReadableCopyright = "";
				IPHONEOS_DEPLOYMENT_TARGET = 15.0;
				LD_RUNPATH_SEARCH_PATHS = (
					"$(inherited)",
					"@executable_path/Frameworks",
					"@executable_path/../../Frameworks",
				);
				MARKETING_VERSION = 1.0;
				OTHER_LDFLAGS = (
					"-framework",
					SafariServices,
				);
				PRODUCT_BUNDLE_IDENTIFIER = com.croissantlabs.JustDark.Extension;
				PRODUCT_NAME = "JustDark Extension";
				SDKROOT = iphoneos;
				SKIP_INSTALL = YES;
				SWIFT_EMIT_LOC_STRINGS = YES;
				SWIFT_VERSION = 5.0;
				TARGETED_DEVICE_FAMILY = "1,2";
				VALIDATE_PRODUCT = YES;
			};
			name = Release;
		};
		474FA9E72E68D8CB00B25C64 /* Debug */ = {
			isa = XCBuildConfiguration;
			buildSettings = {
				ASSETCATALOG_COMPILER_APPICON_NAME = AppIcon;
				ASSETCATALOG_COMPILER_GLOBAL_ACCENT_COLOR_NAME = AccentColor;
				ASSETCATALOG_COMPILER_INCLUDE_ALL_APPICON_ASSETS = NO;
				CODE_SIGN_STYLE = Automatic;
				CURRENT_PROJECT_VERSION = 1;
				DEVELOPMENT_TEAM = Z6ZFSWFBR2;
				GENERATE_INFOPLIST_FILE = YES;
				INFOPLIST_FILE = "iOS (App)/Info.plist";
				INFOPLIST_KEY_CFBundleDisplayName = JustDark;
				INFOPLIST_KEY_LSApplicationCategoryType = "public.app-category.utilities";
				INFOPLIST_KEY_UIApplicationSupportsIndirectInputEvents = YES;
				INFOPLIST_KEY_UILaunchStoryboardName = LaunchScreen;
				INFOPLIST_KEY_UIMainStoryboardFile = Main;
				INFOPLIST_KEY_UISupportedInterfaceOrientations = "UIInterfaceOrientationPortrait UIInterfaceOrientationLandscapeLeft UIInterfaceOrientationLandscapeRight";
				INFOPLIST_KEY_UISupportedInterfaceOrientations_iPad = "UIInterfaceOrientationPortrait UIInterfaceOrientationPortraitUpsideDown UIInterfaceOrientationLandscapeLeft UIInterfaceOrientationLandscapeRight";
				IPHONEOS_DEPLOYMENT_TARGET = 15.0;
				LD_RUNPATH_SEARCH_PATHS = (
					"$(inherited)",
					"@executable_path/Frameworks",
				);
				MARKETING_VERSION = 1.0;
				OTHER_LDFLAGS = (
					"-framework",
					SafariServices,
					"-framework",
					WebKit,
				);
				PRODUCT_BUNDLE_IDENTIFIER = com.croissantlabs.JustDark;
				PRODUCT_NAME = JustDark;
				SDKROOT = iphoneos;
				SWIFT_EMIT_LOC_STRINGS = YES;
				SWIFT_VERSION = 5.0;
				TARGETED_DEVICE_FAMILY = "1,2";
			};
			name = Debug;
		};
		474FA9E82E68D8CB00B25C64 /* Release */ = {
			isa = XCBuildConfiguration;
			buildSettings = {
				ASSETCATALOG_COMPILER_APPICON_NAME = AppIcon;
				ASSETCATALOG_COMPILER_GLOBAL_ACCENT_COLOR_NAME = AccentColor;
				ASSETCATALOG_COMPILER_INCLUDE_ALL_APPICON_ASSETS = NO;
				CODE_SIGN_STYLE = Automatic;
				CURRENT_PROJECT_VERSION = 1;
				DEVELOPMENT_TEAM = Z6ZFSWFBR2;
				GENERATE_INFOPLIST_FILE = YES;
				INFOPLIST_FILE = "iOS (App)/Info.plist";
				INFOPLIST_KEY_CFBundleDisplayName = JustDark;
				INFOPLIST_KEY_LSApplicationCategoryType = "public.app-category.utilities";
				INFOPLIST_KEY_UIApplicationSupportsIndirectInputEvents = YES;
				INFOPLIST_KEY_UILaunchStoryboardName = LaunchScreen;
				INFOPLIST_KEY_UIMainStoryboardFile = Main;
				INFOPLIST_KEY_UISupportedInterfaceOrientations = "UIInterfaceOrientationPortrait UIInterfaceOrientationLandscapeLeft UIInterfaceOrientationLandscapeRight";
				INFOPLIST_KEY_UISupportedInterfaceOrientations_iPad = "UIInterfaceOrientationPortrait UIInterfaceOrientationPortraitUpsideDown UIInterfaceOrientationLandscapeLeft UIInterfaceOrientationLandscapeRight";
				IPHONEOS_DEPLOYMENT_TARGET = 15.0;
				LD_RUNPATH_SEARCH_PATHS = (
					"$(inherited)",
					"@executable_path/Frameworks",
				);
				MARKETING_VERSION = 1.0;
				OTHER_LDFLAGS = (
					"-framework",
					SafariServices,
					"-framework",
					WebKit,
				);
				PRODUCT_BUNDLE_IDENTIFIER = com.croissantlabs.JustDark;
				PRODUCT_NAME = JustDark;
				SDKROOT = iphoneos;
				SWIFT_EMIT_LOC_STRINGS = YES;
				SWIFT_VERSION = 5.0;
				TARGETED_DEVICE_FAMILY = "1,2";
				VALIDATE_PRODUCT = YES;
			};
			name = Release;
		};
		474FA9EC2E68D8CB00B25C64 /* Debug */ = {
			isa = XCBuildConfiguration;
			buildSettings = {
				CODE_SIGN_ENTITLEMENTS = "macOS (Extension)/JustDark.entitlements";
				CODE_SIGN_STYLE = Automatic;
				CURRENT_PROJECT_VERSION = 1;
				DEAD_CODE_STRIPPING = YES;
				DEVELOPMENT_TEAM = Z6ZFSWFBR2;
				ENABLE_APP_SANDBOX = YES;
				ENABLE_HARDENED_RUNTIME = YES;
				ENABLE_USER_SELECTED_FILES = readonly;
				GENERATE_INFOPLIST_FILE = YES;
				INFOPLIST_FILE = "macOS (Extension)/Info.plist";
				INFOPLIST_KEY_CFBundleDisplayName = "JustDark Extension";
				INFOPLIST_KEY_NSHumanReadableCopyright = "";
				LD_RUNPATH_SEARCH_PATHS = (
					"$(inherited)",
					"@executable_path/../Frameworks",
					"@executable_path/../../../../Frameworks",
				);
				MACOSX_DEPLOYMENT_TARGET = 11.0;
				MARKETING_VERSION = 1.0;
				OTHER_LDFLAGS = (
					"-framework",
					SafariServices,
				);
				PRODUCT_BUNDLE_IDENTIFIER = com.croissantlabs.JustDark.Extension;
				PRODUCT_NAME = "JustDark Extension";
				SDKROOT = macosx;
				SKIP_INSTALL = YES;
				SWIFT_EMIT_LOC_STRINGS = YES;
				SWIFT_VERSION = 5.0;
			};
			name = Debug;
		};
		474FA9ED2E68D8CB00B25C64 /* Release */ = {
			isa = XCBuildConfiguration;
			buildSettings = {
				CODE_SIGN_ENTITLEMENTS = "macOS (Extension)/JustDark.entitlements";
				CODE_SIGN_STYLE = Automatic;
				CURRENT_PROJECT_VERSION = 1;
				DEAD_CODE_STRIPPING = YES;
				DEVELOPMENT_TEAM = Z6ZFSWFBR2;
				ENABLE_APP_SANDBOX = YES;
				ENABLE_HARDENED_RUNTIME = YES;
				ENABLE_USER_SELECTED_FILES = readonly;
				GENERATE_INFOPLIST_FILE = YES;
				INFOPLIST_FILE = "macOS (Extension)/Info.plist";
				INFOPLIST_KEY_CFBundleDisplayName = "JustDark Extension";
				INFOPLIST_KEY_NSHumanReadableCopyright = "";
				LD_RUNPATH_SEARCH_PATHS = (
					"$(inherited)",
					"@executable_path/../Frameworks",
					"@executable_path/../../../../Frameworks",
				);
				MACOSX_DEPLOYMENT_TARGET = 11.0;
				MARKETING_VERSION = 1.0;
				OTHER_LDFLAGS = (
					"-framework",
					SafariServices,
				);
				PRODUCT_BUNDLE_IDENTIFIER = com.croissantlabs.JustDark.Extension;
				PRODUCT_NAME = "JustDark Extension";
				SDKROOT = macosx;
				SKIP_INSTALL = YES;
				SWIFT_EMIT_LOC_STRINGS = YES;
				SWIFT_VERSION = 5.0;
			};
			name = Release;
		};
		474FA9F12E68D8CB00B25C64 /* Debug */ = {
			isa = XCBuildConfiguration;
			buildSettings = {
				ASSETCATALOG_COMPILER_APPICON_NAME = AppIcon;
				ASSETCATALOG_COMPILER_GLOBAL_ACCENT_COLOR_NAME = AccentColor;
				CODE_SIGN_ENTITLEMENTS = "macOS (App)/JustDark.entitlements";
				CODE_SIGN_STYLE = Automatic;
				CURRENT_PROJECT_VERSION = 1;
				DEAD_CODE_STRIPPING = YES;
				DEVELOPMENT_TEAM = Z6ZFSWFBR2;
				ENABLE_APP_SANDBOX = YES;
				ENABLE_HARDENED_RUNTIME = YES;
				ENABLE_OUTGOING_NETWORK_CONNECTIONS = YES;
				ENABLE_USER_SELECTED_FILES = readonly;
				GENERATE_INFOPLIST_FILE = YES;
				INFOPLIST_KEY_CFBundleDisplayName = JustDark;
				INFOPLIST_KEY_LSApplicationCategoryType = "public.app-category.utilities";
				INFOPLIST_KEY_NSMainStoryboardFile = Main;
				INFOPLIST_KEY_NSPrincipalClass = NSApplication;
				LD_RUNPATH_SEARCH_PATHS = (
					"$(inherited)",
					"@executable_path/../Frameworks",
				);
				MACOSX_DEPLOYMENT_TARGET = 11.0;
				MARKETING_VERSION = 1.0;
				OTHER_LDFLAGS = (
					"-framework",
					SafariServices,
					"-framework",
					WebKit,
				);
				PRODUCT_BUNDLE_IDENTIFIER = com.croissantlabs.JustDark;
				PRODUCT_NAME = JustDark;
				REGISTER_APP_GROUPS = YES;
				SDKROOT = macosx;
				SWIFT_EMIT_LOC_STRINGS = YES;
				SWIFT_VERSION = 5.0;
			};
			name = Debug;
		};
		474FA9F22E68D8CB00B25C64 /* Release */ = {
			isa = XCBuildConfiguration;
			buildSettings = {
				ASSETCATALOG_COMPILER_APPICON_NAME = AppIcon;
				ASSETCATALOG_COMPILER_GLOBAL_ACCENT_COLOR_NAME = AccentColor;
				CODE_SIGN_ENTITLEMENTS = "macOS (App)/JustDark.entitlements";
				CODE_SIGN_STYLE = Automatic;
				CURRENT_PROJECT_VERSION = 1;
				DEAD_CODE_STRIPPING = YES;
				DEVELOPMENT_TEAM = Z6ZFSWFBR2;
				ENABLE_APP_SANDBOX = YES;
				ENABLE_HARDENED_RUNTIME = YES;
				ENABLE_OUTGOING_NETWORK_CONNECTIONS = YES;
				ENABLE_USER_SELECTED_FILES = readonly;
				GENERATE_INFOPLIST_FILE = YES;
				INFOPLIST_KEY_CFBundleDisplayName = JustDark;
				INFOPLIST_KEY_LSApplicationCategoryType = "public.app-category.utilities";
				INFOPLIST_KEY_NSMainStoryboardFile = Main;
				INFOPLIST_KEY_NSPrincipalClass = NSApplication;
				LD_RUNPATH_SEARCH_PATHS = (
					"$(inherited)",
					"@executable_path/../Frameworks",
				);
				MACOSX_DEPLOYMENT_TARGET = 11.0;
				MARKETING_VERSION = 1.0;
				OTHER_LDFLAGS = (
					"-framework",
					SafariServices,
					"-framework",
					WebKit,
				);
				PRODUCT_BUNDLE_IDENTIFIER = com.croissantlabs.JustDark;
				PRODUCT_NAME = JustDark;
				REGISTER_APP_GROUPS = YES;
				SDKROOT = macosx;
				SWIFT_EMIT_LOC_STRINGS = YES;
				SWIFT_VERSION = 5.0;
			};
			name = Release;
		};
		474FA9F52E68D8CB00B25C64 /* Debug */ = {
			isa = XCBuildConfiguration;
			buildSettings = {
				ALWAYS_SEARCH_USER_PATHS = NO;
				ASSETCATALOG_COMPILER_GENERATE_SWIFT_ASSET_SYMBOL_EXTENSIONS = YES;
				CLANG_ANALYZER_NONNULL = YES;
				CLANG_ANALYZER_NUMBER_OBJECT_CONVERSION = YES_AGGRESSIVE;
				CLANG_CXX_LANGUAGE_STANDARD = "gnu++20";
				CLANG_ENABLE_MODULES = YES;
				CLANG_ENABLE_OBJC_ARC = YES;
				CLANG_ENABLE_OBJC_WEAK = YES;
				CLANG_WARN_BLOCK_CAPTURE_AUTORELEASING = YES;
				CLANG_WARN_BOOL_CONVERSION = YES;
				CLANG_WARN_COMMA = YES;
				CLANG_WARN_CONSTANT_CONVERSION = YES;
				CLANG_WARN_DEPRECATED_OBJC_IMPLEMENTATIONS = YES;
				CLANG_WARN_DIRECT_OBJC_ISA_USAGE = YES_ERROR;
				CLANG_WARN_DOCUMENTATION_COMMENTS = YES;
				CLANG_WARN_EMPTY_BODY = YES;
				CLANG_WARN_ENUM_CONVERSION = YES;
				CLANG_WARN_INFINITE_RECURSION = YES;
				CLANG_WARN_INT_CONVERSION = YES;
				CLANG_WARN_NON_LITERAL_NULL_CONVERSION = YES;
				CLANG_WARN_OBJC_IMPLICIT_RETAIN_SELF = YES;
				CLANG_WARN_OBJC_LITERAL_CONVERSION = YES;
				CLANG_WARN_OBJC_ROOT_CLASS = YES_ERROR;
				CLANG_WARN_QUOTED_INCLUDE_IN_FRAMEWORK_HEADER = YES;
				CLANG_WARN_RANGE_LOOP_ANALYSIS = YES;
				CLANG_WARN_STRICT_PROTOTYPES = YES;
				CLANG_WARN_SUSPICIOUS_MOVE = YES;
				CLANG_WARN_UNGUARDED_AVAILABILITY = YES_AGGRESSIVE;
				CLANG_WARN_UNREACHABLE_CODE = YES;
				CLANG_WARN__DUPLICATE_METHOD_MATCH = YES;
				COPY_PHASE_STRIP = NO;
				DEAD_CODE_STRIPPING = YES;
				DEBUG_INFORMATION_FORMAT = dwarf;
				DEVELOPMENT_TEAM = Z6ZFSWFBR2;
				ENABLE_STRICT_OBJC_MSGSEND = YES;
				ENABLE_TESTABILITY = YES;
				ENABLE_USER_SCRIPT_SANDBOXING = YES;
				GCC_C_LANGUAGE_STANDARD = gnu17;
				GCC_DYNAMIC_NO_PIC = NO;
				GCC_NO_COMMON_BLOCKS = YES;
				GCC_OPTIMIZATION_LEVEL = 0;
				GCC_PREPROCESSOR_DEFINITIONS = (
					"DEBUG=1",
					"$(inherited)",
				);
				GCC_WARN_64_TO_32_BIT_CONVERSION = YES;
				GCC_WARN_ABOUT_RETURN_TYPE = YES_ERROR;
				GCC_WARN_UNDECLARED_SELECTOR = YES;
				GCC_WARN_UNINITIALIZED_AUTOS = YES_AGGRESSIVE;
				GCC_WARN_UNUSED_FUNCTION = YES;
				GCC_WARN_UNUSED_VARIABLE = YES;
				LOCALIZATION_PREFERS_STRING_CATALOGS = YES;
				MTL_ENABLE_DEBUG_INFO = INCLUDE_SOURCE;
				MTL_FAST_MATH = YES;
				ONLY_ACTIVE_ARCH = YES;
				STRING_CATALOG_GENERATE_SYMBOLS = YES;
				SWIFT_ACTIVE_COMPILATION_CONDITIONS = "DEBUG $(inherited)";
				SWIFT_OPTIMIZATION_LEVEL = "-Onone";
			};
			name = Debug;
		};
		474FA9F62E68D8CB00B25C64 /* Release */ = {
			isa = XCBuildConfiguration;
			buildSettings = {
				ALWAYS_SEARCH_USER_PATHS = NO;
				ASSETCATALOG_COMPILER_GENERATE_SWIFT_ASSET_SYMBOL_EXTENSIONS = YES;
				CLANG_ANALYZER_NONNULL = YES;
				CLANG_ANALYZER_NUMBER_OBJECT_CONVERSION = YES_AGGRESSIVE;
				CLANG_CXX_LANGUAGE_STANDARD = "gnu++20";
				CLANG_ENABLE_MODULES = YES;
				CLANG_ENABLE_OBJC_ARC = YES;
				CLANG_ENABLE_OBJC_WEAK = YES;
				CLANG_WARN_BLOCK_CAPTURE_AUTORELEASING = YES;
				CLANG_WARN_BOOL_CONVERSION = YES;
				CLANG_WARN_COMMA = YES;
				CLANG_WARN_CONSTANT_CONVERSION = YES;
				CLANG_WARN_DEPRECATED_OBJC_IMPLEMENTATIONS = YES;
				CLANG_WARN_DIRECT_OBJC_ISA_USAGE = YES_ERROR;
				CLANG_WARN_DOCUMENTATION_COMMENTS = YES;
				CLANG_WARN_EMPTY_BODY = YES;
				CLANG_WARN_ENUM_CONVERSION = YES;
				CLANG_WARN_INFINITE_RECURSION = YES;
				CLANG_WARN_INT_CONVERSION = YES;
				CLANG_WARN_NON_LITERAL_NULL_CONVERSION = YES;
				CLANG_WARN_OBJC_IMPLICIT_RETAIN_SELF = YES;
				CLANG_WARN_OBJC_LITERAL_CONVERSION = YES;
				CLANG_WARN_OBJC_ROOT_CLASS = YES_ERROR;
				CLANG_WARN_QUOTED_INCLUDE_IN_FRAMEWORK_HEADER = YES;
				CLANG_WARN_RANGE_LOOP_ANALYSIS = YES;
				CLANG_WARN_STRICT_PROTOTYPES = YES;
				CLANG_WARN_SUSPICIOUS_MOVE = YES;
				CLANG_WARN_UNGUARDED_AVAILABILITY = YES_AGGRESSIVE;
				CLANG_WARN_UNREACHABLE_CODE = YES;
				CLANG_WARN__DUPLICATE_METHOD_MATCH = YES;
				COPY_PHASE_STRIP = NO;
				DEAD_CODE_STRIPPING = YES;
				DEBUG_INFORMATION_FORMAT = "dwarf-with-dsym";
				DEVELOPMENT_TEAM = Z6ZFSWFBR2;
				ENABLE_NS_ASSERTIONS = NO;
				ENABLE_STRICT_OBJC_MSGSEND = YES;
				ENABLE_USER_SCRIPT_SANDBOXING = YES;
				GCC_C_LANGUAGE_STANDARD = gnu17;
				GCC_NO_COMMON_BLOCKS = YES;
				GCC_WARN_64_TO_32_BIT_CONVERSION = YES;
				GCC_WARN_ABOUT_RETURN_TYPE = YES_ERROR;
				GCC_WARN_UNDECLARED_SELECTOR = YES;
				GCC_WARN_UNINITIALIZED_AUTOS = YES_AGGRESSIVE;
				GCC_WARN_UNUSED_FUNCTION = YES;
				GCC_WARN_UNUSED_VARIABLE = YES;
				LOCALIZATION_PREFERS_STRING_CATALOGS = YES;
				MTL_ENABLE_DEBUG_INFO = NO;
				MTL_FAST_MATH = YES;
				STRING_CATALOG_GENERATE_SYMBOLS = YES;
				SWIFT_COMPILATION_MODE = wholemodule;
			};
			name = Release;
		};
/* End XCBuildConfiguration section */

/* Begin XCConfigurationList section */
		474FA97A2E68D8C700B25C64 /* Build configuration list for PBXProject "JustDark" */ = {
			isa = XCConfigurationList;
			buildConfigurations = (
				474FA9F52E68D8CB00B25C64 /* Debug */,
				474FA9F62E68D8CB00B25C64 /* Release */,
			);
			defaultConfigurationIsVisible = 0;
			defaultConfigurationName = Release;
		};
		474FA9E12E68D8CB00B25C64 /* Build configuration list for PBXNativeTarget "JustDark Extension (iOS)" */ = {
			isa = XCConfigurationList;
			buildConfigurations = (
				474FA9E22E68D8CB00B25C64 /* Debug */,
				474FA9E32E68D8CB00B25C64 /* Release */,
			);
			defaultConfigurationIsVisible = 0;
			defaultConfigurationName = Release;
		};
		474FA9E62E68D8CB00B25C64 /* Build configuration list for PBXNativeTarget "JustDark (iOS)" */ = {
			isa = XCConfigurationList;
			buildConfigurations = (
				474FA9E72E68D8CB00B25C64 /* Debug */,
				474FA9E82E68D8CB00B25C64 /* Release */,
			);
			defaultConfigurationIsVisible = 0;
			defaultConfigurationName = Release;
		};
		474FA9EB2E68D8CB00B25C64 /* Build configuration list for PBXNativeTarget "JustDark Extension (macOS)" */ = {
			isa = XCConfigurationList;
			buildConfigurations = (
				474FA9EC2E68D8CB00B25C64 /* Debug */,
				474FA9ED2E68D8CB00B25C64 /* Release */,
			);
			defaultConfigurationIsVisible = 0;
			defaultConfigurationName = Release;
		};
		474FA9F02E68D8CB00B25C64 /* Build configuration list for PBXNativeTarget "JustDark (macOS)" */ = {
			isa = XCConfigurationList;
			buildConfigurations = (
				474FA9F12E68D8CB00B25C64 /* Debug */,
				474FA9F22E68D8CB00B25C64 /* Release */,
			);
			defaultConfigurationIsVisible = 0;
			defaultConfigurationName = Release;
		};
/* End XCConfigurationList section */
	};
	rootObject = 474FA9772E68D8C700B25C64 /* Project object */;
}
